// !$*UTF8*$!
{
	archiveVersion = 1;
	classes = {
	};
	objectVersion = 50;
	objects = {

/* Begin PBXBuildFile section */
		AD3C3DEA248C095100C67482 /* AppDelegate.swift in Sources */ = {isa = PBXBuildFile; fileRef = AD3C3DE9248C095100C67482 /* AppDelegate.swift */; };
		AD3C3DEC248C095100C67482 /* SceneDelegate.swift in Sources */ = {isa = PBXBuildFile; fileRef = AD3C3DEB248C095100C67482 /* SceneDelegate.swift */; };
		AD3C3DEE248C095100C67482 /* ContentView.swift in Sources */ = {isa = PBXBuildFile; fileRef = AD3C3DED248C095100C67482 /* ContentView.swift */; };
		AD3C3DF0248C095300C67482 /* Assets.xcassets in Resources */ = {isa = PBXBuildFile; fileRef = AD3C3DEF248C095300C67482 /* Assets.xcassets */; };
		AD3C3DF3248C095300C67482 /* Preview Assets.xcassets in Resources */ = {isa = PBXBuildFile; fileRef = AD3C3DF2248C095300C67482 /* Preview Assets.xcassets */; };
		AD3C3DF6248C095300C67482 /* LaunchScreen.storyboard in Resources */ = {isa = PBXBuildFile; fileRef = AD3C3DF4248C095300C67482 /* LaunchScreen.storyboard */; };
		AD759F0D248C0B8400496FE5 /* PodcastModels.swift in Sources */ = {isa = PBXBuildFile; fileRef = AD759F0C248C0B8400496FE5 /* PodcastModels.swift */; };
		AD759F0F248C0CA100496FE5 /* PodcastStore.swift in Sources */ = {isa = PBXBuildFile; fileRef = AD759F0E248C0CA100496FE5 /* PodcastStore.swift */; };
		AD759F11248C0F7B00496FE5 /* BlogStore.swift in Sources */ = {isa = PBXBuildFile; fileRef = AD759F10248C0F7B00496FE5 /* BlogStore.swift */; };
		AD759F13248C0FDF00496FE5 /* BlogModels.swift in Sources */ = {isa = PBXBuildFile; fileRef = AD759F12248C0FDF00496FE5 /* BlogModels.swift */; };
/* End PBXBuildFile section */

/* Begin PBXFileReference section */
		AD3C3DE6248C095100C67482 /* falso_ios.app */ = {isa = PBXFileReference; explicitFileType = wrapper.application; includeInIndex = 0; path = falso_ios.app; sourceTree = BUILT_PRODUCTS_DIR; };
		AD3C3DE9248C095100C67482 /* AppDelegate.swift */ = {isa = PBXFileReference; lastKnownFileType = sourcecode.swift; path = AppDelegate.swift; sourceTree = "<group>"; };
		AD3C3DEB248C095100C67482 /* SceneDelegate.swift */ = {isa = PBXFileReference; lastKnownFileType = sourcecode.swift; path = SceneDelegate.swift; sourceTree = "<group>"; };
		AD3C3DED248C095100C67482 /* ContentView.swift */ = {isa = PBXFileReference; lastKnownFileType = sourcecode.swift; path = ContentView.swift; sourceTree = "<group>"; };
		AD3C3DEF248C095300C67482 /* Assets.xcassets */ = {isa = PBXFileReference; lastKnownFileType = folder.assetcatalog; path = Assets.xcassets; sourceTree = "<group>"; };
		AD3C3DF2248C095300C67482 /* Preview Assets.xcassets */ = {isa = PBXFileReference; lastKnownFileType = folder.assetcatalog; path = "Preview Assets.xcassets"; sourceTree = "<group>"; };
		AD3C3DF5248C095300C67482 /* Base */ = {isa = PBXFileReference; lastKnownFileType = file.storyboard; name = Base; path = Base.lproj/LaunchScreen.storyboard; sourceTree = "<group>"; };
		AD3C3DF7248C095300C67482 /* Info.plist */ = {isa = PBXFileReference; lastKnownFileType = text.plist.xml; path = Info.plist; sourceTree = "<group>"; };
		AD759F0C248C0B8400496FE5 /* PodcastModels.swift */ = {isa = PBXFileReference; lastKnownFileType = sourcecode.swift; path = PodcastModels.swift; sourceTree = "<group>"; };
		AD759F0E248C0CA100496FE5 /* PodcastStore.swift */ = {isa = PBXFileReference; lastKnownFileType = sourcecode.swift; path = PodcastStore.swift; sourceTree = "<group>"; };
		AD759F10248C0F7B00496FE5 /* BlogStore.swift */ = {isa = PBXFileReference; lastKnownFileType = sourcecode.swift; path = BlogStore.swift; sourceTree = "<group>"; };
		AD759F12248C0FDF00496FE5 /* BlogModels.swift */ = {isa = PBXFileReference; lastKnownFileType = sourcecode.swift; path = BlogModels.swift; sourceTree = "<group>"; };
/* End PBXFileReference section */

/* Begin PBXFrameworksBuildPhase section */
		AD3C3DE3248C095100C67482 /* Frameworks */ = {
			isa = PBXFrameworksBuildPhase;
			buildActionMask = 2147483647;
			files = (
			);
			runOnlyForDeploymentPostprocessing = 0;
		};
/* End PBXFrameworksBuildPhase section */

/* Begin PBXGroup section */
		AD3C3DDD248C095100C67482 = {
			isa = PBXGroup;
			children = (
				AD3C3DE8248C095100C67482 /* falso_ios */,
				AD3C3DE7248C095100C67482 /* Products */,
			);
			sourceTree = "<group>";
		};
		AD3C3DE7248C095100C67482 /* Products */ = {
			isa = PBXGroup;
			children = (
				AD3C3DE6248C095100C67482 /* falso_ios.app */,
			);
			name = Products;
			sourceTree = "<group>";
		};
		AD3C3DE8248C095100C67482 /* falso_ios */ = {
			isa = PBXGroup;
			children = (
				AD759F0B248C0B7100496FE5 /* Models */,
				AD759F04248C0AD900496FE5 /* Environment */,
				AD759F03248C099700496FE5 /* Screens */,
				AD3C3DE9248C095100C67482 /* AppDelegate.swift */,
				AD3C3DEB248C095100C67482 /* SceneDelegate.swift */,
				AD3C3DED248C095100C67482 /* ContentView.swift */,
				AD3C3DEF248C095300C67482 /* Assets.xcassets */,
				AD3C3DF4248C095300C67482 /* LaunchScreen.storyboard */,
				AD3C3DF7248C095300C67482 /* Info.plist */,
				AD3C3DF1248C095300C67482 /* Preview Content */,
			);
			path = falso_ios;
			sourceTree = "<group>";
		};
		AD3C3DF1248C095300C67482 /* Preview Content */ = {
			isa = PBXGroup;
			children = (
				AD3C3DF2248C095300C67482 /* Preview Assets.xcassets */,
			);
			path = "Preview Content";
			sourceTree = "<group>";
		};
		AD759F03248C099700496FE5 /* Screens */ = {
			isa = PBXGroup;
			children = (
			);
			path = Screens;
			sourceTree = "<group>";
		};
		AD759F04248C0AD900496FE5 /* Environment */ = {
			isa = PBXGroup;
			children = (
				AD759F0E248C0CA100496FE5 /* PodcastStore.swift */,
				AD759F10248C0F7B00496FE5 /* BlogStore.swift */,
			);
			path = Environment;
			sourceTree = "<group>";
		};
		AD759F0B248C0B7100496FE5 /* Models */ = {
			isa = PBXGroup;
			children = (
				AD759F0C248C0B8400496FE5 /* PodcastModels.swift */,
				AD759F12248C0FDF00496FE5 /* BlogModels.swift */,
			);
			path = Models;
			sourceTree = "<group>";
		};
/* End PBXGroup section */

/* Begin PBXNativeTarget section */
		AD3C3DE5248C095100C67482 /* falso_ios */ = {
			isa = PBXNativeTarget;
			buildConfigurationList = AD3C3DFA248C095300C67482 /* Build configuration list for PBXNativeTarget "falso_ios" */;
			buildPhases = (
				AD3C3DE2248C095100C67482 /* Sources */,
				AD3C3DE3248C095100C67482 /* Frameworks */,
				AD3C3DE4248C095100C67482 /* Resources */,
			);
			buildRules = (
			);
			dependencies = (
			);
			name = falso_ios;
			productName = falso_ios;
			productReference = AD3C3DE6248C095100C67482 /* falso_ios.app */;
			productType = "com.apple.product-type.application";
		};
/* End PBXNativeTarget section */

/* Begin PBXProject section */
		AD3C3DDE248C095100C67482 /* Project object */ = {
			isa = PBXProject;
			attributes = {
				LastSwiftUpdateCheck = 1150;
				LastUpgradeCheck = 1150;
				ORGANIZATIONNAME = "Alperen Duran";
				TargetAttributes = {
					AD3C3DE5248C095100C67482 = {
						CreatedOnToolsVersion = 11.5;
					};
				};
			};
			buildConfigurationList = AD3C3DE1248C095100C67482 /* Build configuration list for PBXProject "falso_ios" */;
			compatibilityVersion = "Xcode 9.3";
			developmentRegion = en;
			hasScannedForEncodings = 0;
			knownRegions = (
				en,
				Base,
			);
			mainGroup = AD3C3DDD248C095100C67482;
			productRefGroup = AD3C3DE7248C095100C67482 /* Products */;
			projectDirPath = "";
			projectRoot = "";
			targets = (
				AD3C3DE5248C095100C67482 /* falso_ios */,
			);
		};
/* End PBXProject section */

/* Begin PBXResourcesBuildPhase section */
		AD3C3DE4248C095100C67482 /* Resources */ = {
			isa = PBXResourcesBuildPhase;
			buildActionMask = 2147483647;
			files = (
				AD3C3DF6248C095300C67482 /* LaunchScreen.storyboard in Resources */,
				AD3C3DF3248C095300C67482 /* Preview Assets.xcassets in Resources */,
				AD3C3DF0248C095300C67482 /* Assets.xcassets in Resources */,
			);
			runOnlyForDeploymentPostprocessing = 0;
		};
/* End PBXResourcesBuildPhase section */

/* Begin PBXSourcesBuildPhase section */
		AD3C3DE2248C095100C67482 /* Sources */ = {
			isa = PBXSourcesBuildPhase;
			buildActionMask = 2147483647;
			files = (
				AD759F0D248C0B8400496FE5 /* PodcastModels.swift in Sources */,
				AD759F13248C0FDF00496FE5 /* BlogModels.swift in Sources */,
				AD3C3DEA248C095100C67482 /* AppDelegate.swift in Sources */,
				AD759F0F248C0CA100496FE5 /* PodcastStore.swift in Sources */,
				AD759F11248C0F7B00496FE5 /* BlogStore.swift in Sources */,
				AD3C3DEC248C095100C67482 /* SceneDelegate.swift in Sources */,
				AD3C3DEE248C095100C67482 /* ContentView.swift in Sources */,
			);
			runOnlyForDeploymentPostprocessing = 0;
		};
/* End PBXSourcesBuildPhase section */

/* Begin PBXVariantGroup section */
		AD3C3DF4248C095300C67482 /* LaunchScreen.storyboard */ = {
			isa = PBXVariantGroup;
			children = (
				AD3C3DF5248C095300C67482 /* Base */,
			);
			name = LaunchScreen.storyboard;
			sourceTree = "<group>";
		};
/* End PBXVariantGroup section */

/* Begin XCBuildConfiguration section */
		AD3C3DF8248C095300C67482 /* Debug */ = {
			isa = XCBuildConfiguration;
			buildSettings = {
				ALWAYS_SEARCH_USER_PATHS = NO;
				CLANG_ANALYZER_NONNULL = YES;
				CLANG_ANALYZER_NUMBER_OBJECT_CONVERSION = YES_AGGRESSIVE;
				CLANG_CXX_LANGUAGE_STANDARD = "gnu++14";
				CLANG_CXX_LIBRARY = "libc++";
				CLANG_ENABLE_MODULES = YES;
				CLANG_ENABLE_OBJC_ARC = YES;
				CLANG_ENABLE_OBJC_WEAK = YES;
				CLANG_WARN_BLOCK_CAPTURE_AUTORELEASING = YES;
				CLANG_WARN_BOOL_CONVERSION = YES;
				CLANG_WARN_COMMA = YES;
				CLANG_WARN_CONSTANT_CONVERSION = YES;
				CLANG_WARN_DEPRECATED_OBJC_IMPLEMENTATIONS = YES;
				CLANG_WARN_DIRECT_OBJC_ISA_USAGE = YES_ERROR;
				CLANG_WARN_DOCUMENTATION_COMMENTS = YES;
				CLANG_WARN_EMPTY_BODY = YES;
				CLANG_WARN_ENUM_CONVERSION = YES;
				CLANG_WARN_INFINITE_RECURSION = YES;
				CLANG_WARN_INT_CONVERSION = YES;
				CLANG_WARN_NON_LITERAL_NULL_CONVERSION = YES;
				CLANG_WARN_OBJC_IMPLICIT_RETAIN_SELF = YES;
				CLANG_WARN_OBJC_LITERAL_CONVERSION = YES;
				CLANG_WARN_OBJC_ROOT_CLASS = YES_ERROR;
				CLANG_WARN_RANGE_LOOP_ANALYSIS = YES;
				CLANG_WARN_STRICT_PROTOTYPES = YES;
				CLANG_WARN_SUSPICIOUS_MOVE = YES;
				CLANG_WARN_UNGUARDED_AVAILABILITY = YES_AGGRESSIVE;
				CLANG_WARN_UNREACHABLE_CODE = YES;
				CLANG_WARN__DUPLICATE_METHOD_MATCH = YES;
				COPY_PHASE_STRIP = NO;
				DEBUG_INFORMATION_FORMAT = dwarf;
				ENABLE_STRICT_OBJC_MSGSEND = YES;
				ENABLE_TESTABILITY = YES;
				GCC_C_LANGUAGE_STANDARD = gnu11;
				GCC_DYNAMIC_NO_PIC = NO;
				GCC_NO_COMMON_BLOCKS = YES;
				GCC_OPTIMIZATION_LEVEL = 0;
				GCC_PREPROCESSOR_DEFINITIONS = (
					"DEBUG=1",
					"$(inherited)",
				);
				GCC_WARN_64_TO_32_BIT_CONVERSION = YES;
				GCC_WARN_ABOUT_RETURN_TYPE = YES_ERROR;
				GCC_WARN_UNDECLARED_SELECTOR = YES;
				GCC_WARN_UNINITIALIZED_AUTOS = YES_AGGRESSIVE;
				GCC_WARN_UNUSED_FUNCTION = YES;
				GCC_WARN_UNUSED_VARIABLE = YES;
				IPHONEOS_DEPLOYMENT_TARGET = 13.5;
				MTL_ENABLE_DEBUG_INFO = INCLUDE_SOURCE;
				MTL_FAST_MATH = YES;
				ONLY_ACTIVE_ARCH = YES;
				SDKROOT = iphoneos;
				SWIFT_ACTIVE_COMPILATION_CONDITIONS = DEBUG;
				SWIFT_OPTIMIZATION_LEVEL = "-Onone";
			};
			name = Debug;
		};
		AD3C3DF9248C095300C67482 /* Release */ = {
			isa = XCBuildConfiguration;
			buildSettings = {
				ALWAYS_SEARCH_USER_PATHS = NO;
				CLANG_ANALYZER_NONNULL = YES;
				CLANG_ANALYZER_NUMBER_OBJECT_CONVERSION = YES_AGGRESSIVE;
				CLANG_CXX_LANGUAGE_STANDARD = "gnu++14";
				CLANG_CXX_LIBRARY = "libc++";
				CLANG_ENABLE_MODULES = YES;
				CLANG_ENABLE_OBJC_ARC = YES;
				CLANG_ENABLE_OBJC_WEAK = YES;
				CLANG_WARN_BLOCK_CAPTURE_AUTORELEASING = YES;
				CLANG_WARN_BOOL_CONVERSION = YES;
				CLANG_WARN_COMMA = YES;
				CLANG_WARN_CONSTANT_CONVERSION = YES;
				CLANG_WARN_DEPRECATED_OBJC_IMPLEMENTATIONS = YES;
				CLANG_WARN_DIRECT_OBJC_ISA_USAGE = YES_ERROR;
				CLANG_WARN_DOCUMENTATION_COMMENTS = YES;
				CLANG_WARN_EMPTY_BODY = YES;
				CLANG_WARN_ENUM_CONVERSION = YES;
				CLANG_WARN_INFINITE_RECURSION = YES;
				CLANG_WARN_INT_CONVERSION = YES;
				CLANG_WARN_NON_LITERAL_NULL_CONVERSION = YES;
				CLANG_WARN_OBJC_IMPLICIT_RETAIN_SELF = YES;
				CLANG_WARN_OBJC_LITERAL_CONVERSION = YES;
				CLANG_WARN_OBJC_ROOT_CLASS = YES_ERROR;
				CLANG_WARN_RANGE_LOOP_ANALYSIS = YES;
				CLANG_WARN_STRICT_PROTOTYPES = YES;
				CLANG_WARN_SUSPICIOUS_MOVE = YES;
				CLANG_WARN_UNGUARDED_AVAILABILITY = YES_AGGRESSIVE;
				CLANG_WARN_UNREACHABLE_CODE = YES;
				CLANG_WARN__DUPLICATE_METHOD_MATCH = YES;
				COPY_PHASE_STRIP = NO;
				DEBUG_INFORMATION_FORMAT = "dwarf-with-dsym";
				ENABLE_NS_ASSERTIONS = NO;
				ENABLE_STRICT_OBJC_MSGSEND = YES;
				GCC_C_LANGUAGE_STANDARD = gnu11;
				GCC_NO_COMMON_BLOCKS = YES;
				GCC_WARN_64_TO_32_BIT_CONVERSION = YES;
				GCC_WARN_ABOUT_RETURN_TYPE = YES_ERROR;
				GCC_WARN_UNDECLARED_SELECTOR = YES;
				GCC_WARN_UNINITIALIZED_AUTOS = YES_AGGRESSIVE;
				GCC_WARN_UNUSED_FUNCTION = YES;
				GCC_WARN_UNUSED_VARIABLE = YES;
				IPHONEOS_DEPLOYMENT_TARGET = 13.5;
				MTL_ENABLE_DEBUG_INFO = NO;
				MTL_FAST_MATH = YES;
				SDKROOT = iphoneos;
				SWIFT_COMPILATION_MODE = wholemodule;
				SWIFT_OPTIMIZATION_LEVEL = "-O";
				VALIDATE_PRODUCT = YES;
			};
			name = Release;
		};
		AD3C3DFB248C095300C67482 /* Debug */ = {
			isa = XCBuildConfiguration;
			buildSettings = {
				ASSETCATALOG_COMPILER_APPICON_NAME = AppIcon;
				CODE_SIGN_STYLE = Automatic;
				DEVELOPMENT_ASSET_PATHS = "\"falso_ios/Preview Content\"";
				DEVELOPMENT_TEAM = 24276C4JVA;
				ENABLE_PREVIEWS = YES;
				INFOPLIST_FILE = falso_ios/Info.plist;
				LD_RUNPATH_SEARCH_PATHS = (
					"$(inherited)",
					"@executable_path/Frameworks",
				);
				PRODUCT_BUNDLE_IDENTIFIER = "co.falso.falso-ios";
				PRODUCT_NAME = "$(TARGET_NAME)";
				SWIFT_VERSION = 5.0;
				TARGETED_DEVICE_FAMILY = "1,2";
			};
			name = Debug;
		};
		AD3C3DFC248C095300C67482 /* Release */ = {
			isa = XCBuildConfiguration;
			buildSettings = {
				ASSETCATALOG_COMPILER_APPICON_NAME = AppIcon;
				CODE_SIGN_STYLE = Automatic;
				DEVELOPMENT_ASSET_PATHS = "\"falso_ios/Preview Content\"";
				DEVELOPMENT_TEAM = 24276C4JVA;
				ENABLE_PREVIEWS = YES;
				INFOPLIST_FILE = falso_ios/Info.plist;
				LD_RUNPATH_SEARCH_PATHS = (
					"$(inherited)",
					"@executable_path/Frameworks",
				);
				PRODUCT_BUNDLE_IDENTIFIER = "co.falso.falso-ios";
				PRODUCT_NAME = "$(TARGET_NAME)";
				SWIFT_VERSION = 5.0;
				TARGETED_DEVICE_FAMILY = "1,2";
			};
			name = Release;
		};
/* End XCBuildConfiguration section */

/* Begin XCConfigurationList section */
		AD3C3DE1248C095100C67482 /* Build configuration list for PBXProject "falso_ios" */ = {
			isa = XCConfigurationList;
			buildConfigurations = (
				AD3C3DF8248C095300C67482 /* Debug */,
				AD3C3DF9248C095300C67482 /* Release */,
			);
			defaultConfigurationIsVisible = 0;
			defaultConfigurationName = Release;
		};
		AD3C3DFA248C095300C67482 /* Build configuration list for PBXNativeTarget "falso_ios" */ = {
			isa = XCConfigurationList;
			buildConfigurations = (
				AD3C3DFB248C095300C67482 /* Debug */,
				AD3C3DFC248C095300C67482 /* Release */,
			);
			defaultConfigurationIsVisible = 0;
			defaultConfigurationName = Release;
		};
/* End XCConfigurationList section */
	};
	rootObject = AD3C3DDE248C095100C67482 /* Project object */;
}
